
Microsoft Visual Studio Solution File, Format Version 12.00
# Visual Studio Version 17
VisualStudioVersion = 17.4.33213.308
MinimumVisualStudioVersion = 10.0.40219.1
Project("{9A19103F-16F7-4668-BE54-9A1E7A4F7556}") = "HW6 +", "HW6 +\HW6 +.csproj", "{F14C4B51-0C70-4F59-B939-B0BEF2BF96EF}"
EndProject
Project("{FAE04EC0-301F-11D3-BF4B-00C04F79EFBC}") = "HW6 + Console", "HW6 + Console\HW6 + Console.csproj", "{27576D42-02E4-4CDD-88AC-9BEBFC7D2968}"
EndProject
Global
	GlobalSection(SolutionConfigurationPlatforms) = preSolution
		Debug|Any CPU = Debug|Any CPU
		Release|Any CPU = Release|Any CPU
	EndGlobalSection
	GlobalSection(ProjectConfigurationPlatforms) = postSolution
		{F14C4B51-0C70-4F59-B939-B0BEF2BF96EF}.Debug|Any CPU.ActiveCfg = Debug|Any CPU
		{F14C4B51-0C70-4F59-B939-B0BEF2BF96EF}.Debug|Any CPU.Build.0 = Debug|Any CPU
		{F14C4B51-0C70-4F59-B939-B0BEF2BF96EF}.Release|Any CPU.ActiveCfg = Release|Any CPU
		{F14C4B51-0C70-4F59-B939-B0BEF2BF96EF}.Release|Any CPU.Build.0 = Release|Any CPU
		{27576D42-02E4-4CDD-88AC-9BEBFC7D2968}.Debug|Any CPU.ActiveCfg = Debug|Any CPU
		{27576D42-02E4-4CDD-88AC-9BEBFC7D2968}.Debug|Any CPU.Build.0 = Debug|Any CPU
		{27576D42-02E4-4CDD-88AC-9BEBFC7D2968}.Release|Any CPU.ActiveCfg = Release|Any CPU
		{27576D42-02E4-4CDD-88AC-9BEBFC7D2968}.Release|Any CPU.Build.0 = Release|Any CPU
	EndGlobalSection
	GlobalSection(SolutionProperties) = preSolution
		HideSolutionNode = FALSE
	EndGlobalSection
	GlobalSection(ExtensibilityGlobals) = postSolution
		SolutionGuid = {B45E84E5-B23D-46CA-9726-CC5525F6D96F}
	EndGlobalSection
EndGlobal
